
Microsoft Visual Studio Solution File, Format Version 12.00
# Visual Studio 15
VisualStudioVersion = 15.0.26124.0
MinimumVisualStudioVersion = 15.0.26124.0
Project("{2150E333-8FDC-42A3-9474-1A3956D46DE8}") = "src", "src", "{761DAF97-72D0-4336-B4D1-794ADC389D4E}"
EndProject
Project("{FAE04EC0-301F-11D3-BF4B-00C04F79EFBC}") = "WebApi", "src\WebApi\WebApi.csproj", "{9C25516D-DE10-4BC8-9E7F-8A140D40D46C}"
EndProject
Project("{2150E333-8FDC-42A3-9474-1A3956D46DE8}") = "test", "test", "{CBDE6E48-4AEB-421A-9809-9B4A657F11F6}"
EndProject
Project("{FAE04EC0-301F-11D3-BF4B-00C04F79EFBC}") = "UnitTest", "test\UnitTests\UnitTest.csproj", "{E325763C-AEA2-4605-A58D-FCB1167B893C}"
EndProject
Project("{FAE04EC0-301F-11D3-BF4B-00C04F79EFBC}") = "IntegrationTest", "test\IntegrationTests\IntegrationTest.csproj", "{A34BEAF7-CE4F-4357-BDCE-A23A0AC32E67}"
EndProject
Project("{FAE04EC0-301F-11D3-BF4B-00C04F79EFBC}") = "EndToEndTest", "test\EndToEndTests\EndToEndTest.csproj", "{1572DD95-0AFF-4BDE-A1D1-2B2DB3AAA71D}"
EndProject
Global
	GlobalSection(SolutionConfigurationPlatforms) = preSolution
		Debug|Any CPU = Debug|Any CPU
		Debug|x64 = Debug|x64
		Debug|x86 = Debug|x86
		Release|Any CPU = Release|Any CPU
		Release|x64 = Release|x64
		Release|x86 = Release|x86
	EndGlobalSection
	GlobalSection(SolutionProperties) = preSolution
		HideSolutionNode = FALSE
	EndGlobalSection
	GlobalSection(ProjectConfigurationPlatforms) = postSolution
		{9C25516D-DE10-4BC8-9E7F-8A140D40D46C}.Debug|Any CPU.ActiveCfg = Debug|Any CPU
		{9C25516D-DE10-4BC8-9E7F-8A140D40D46C}.Debug|Any CPU.Build.0 = Debug|Any CPU
		{9C25516D-DE10-4BC8-9E7F-8A140D40D46C}.Debug|x64.ActiveCfg = Debug|Any CPU
		{9C25516D-DE10-4BC8-9E7F-8A140D40D46C}.Debug|x64.Build.0 = Debug|Any CPU
		{9C25516D-DE10-4BC8-9E7F-8A140D40D46C}.Debug|x86.ActiveCfg = Debug|Any CPU
		{9C25516D-DE10-4BC8-9E7F-8A140D40D46C}.Debug|x86.Build.0 = Debug|Any CPU
		{9C25516D-DE10-4BC8-9E7F-8A140D40D46C}.Release|Any CPU.ActiveCfg = Release|Any CPU
		{9C25516D-DE10-4BC8-9E7F-8A140D40D46C}.Release|Any CPU.Build.0 = Release|Any CPU
		{9C25516D-DE10-4BC8-9E7F-8A140D40D46C}.Release|x64.ActiveCfg = Release|Any CPU
		{9C25516D-DE10-4BC8-9E7F-8A140D40D46C}.Release|x64.Build.0 = Release|Any CPU
		{9C25516D-DE10-4BC8-9E7F-8A140D40D46C}.Release|x86.ActiveCfg = Release|Any CPU
		{9C25516D-DE10-4BC8-9E7F-8A140D40D46C}.Release|x86.Build.0 = Release|Any CPU
		{E325763C-AEA2-4605-A58D-FCB1167B893C}.Debug|Any CPU.ActiveCfg = Debug|Any CPU
		{E325763C-AEA2-4605-A58D-FCB1167B893C}.Debug|Any CPU.Build.0 = Debug|Any CPU
		{E325763C-AEA2-4605-A58D-FCB1167B893C}.Debug|x64.ActiveCfg = Debug|Any CPU
		{E325763C-AEA2-4605-A58D-FCB1167B893C}.Debug|x64.Build.0 = Debug|Any CPU
		{E325763C-AEA2-4605-A58D-FCB1167B893C}.Debug|x86.ActiveCfg = Debug|Any CPU
		{E325763C-AEA2-4605-A58D-FCB1167B893C}.Debug|x86.Build.0 = Debug|Any CPU
		{E325763C-AEA2-4605-A58D-FCB1167B893C}.Release|Any CPU.ActiveCfg = Release|Any CPU
		{E325763C-AEA2-4605-A58D-FCB1167B893C}.Release|Any CPU.Build.0 = Release|Any CPU
		{E325763C-AEA2-4605-A58D-FCB1167B893C}.Release|x64.ActiveCfg = Release|Any CPU
		{E325763C-AEA2-4605-A58D-FCB1167B893C}.Release|x64.Build.0 = Release|Any CPU
		{E325763C-AEA2-4605-A58D-FCB1167B893C}.Release|x86.ActiveCfg = Release|Any CPU
		{E325763C-AEA2-4605-A58D-FCB1167B893C}.Release|x86.Build.0 = Release|Any CPU
		{A34BEAF7-CE4F-4357-BDCE-A23A0AC32E67}.Debug|Any CPU.ActiveCfg = Debug|Any CPU
		{A34BEAF7-CE4F-4357-BDCE-A23A0AC32E67}.Debug|Any CPU.Build.0 = Debug|Any CPU
		{A34BEAF7-CE4F-4357-BDCE-A23A0AC32E67}.Debug|x64.ActiveCfg = Debug|Any CPU
		{A34BEAF7-CE4F-4357-BDCE-A23A0AC32E67}.Debug|x64.Build.0 = Debug|Any CPU
		{A34BEAF7-CE4F-4357-BDCE-A23A0AC32E67}.Debug|x86.ActiveCfg = Debug|Any CPU
		{A34BEAF7-CE4F-4357-BDCE-A23A0AC32E67}.Debug|x86.Build.0 = Debug|Any CPU
		{A34BEAF7-CE4F-4357-BDCE-A23A0AC32E67}.Release|Any CPU.ActiveCfg = Release|Any CPU
		{A34BEAF7-CE4F-4357-BDCE-A23A0AC32E67}.Release|Any CPU.Build.0 = Release|Any CPU
		{A34BEAF7-CE4F-4357-BDCE-A23A0AC32E67}.Release|x64.ActiveCfg = Release|Any CPU
		{A34BEAF7-CE4F-4357-BDCE-A23A0AC32E67}.Release|x64.Build.0 = Release|Any CPU
		{A34BEAF7-CE4F-4357-BDCE-A23A0AC32E67}.Release|x86.ActiveCfg = Release|Any CPU
		{A34BEAF7-CE4F-4357-BDCE-A23A0AC32E67}.Release|x86.Build.0 = Release|Any CPU
		{1572DD95-0AFF-4BDE-A1D1-2B2DB3AAA71D}.Debug|Any CPU.ActiveCfg = Debug|Any CPU
		{1572DD95-0AFF-4BDE-A1D1-2B2DB3AAA71D}.Debug|Any CPU.Build.0 = Debug|Any CPU
		{1572DD95-0AFF-4BDE-A1D1-2B2DB3AAA71D}.Debug|x64.ActiveCfg = Debug|Any CPU
		{1572DD95-0AFF-4BDE-A1D1-2B2DB3AAA71D}.Debug|x64.Build.0 = Debug|Any CPU
		{1572DD95-0AFF-4BDE-A1D1-2B2DB3AAA71D}.Debug|x86.ActiveCfg = Debug|Any CPU
		{1572DD95-0AFF-4BDE-A1D1-2B2DB3AAA71D}.Debug|x86.Build.0 = Debug|Any CPU
		{1572DD95-0AFF-4BDE-A1D1-2B2DB3AAA71D}.Release|Any CPU.ActiveCfg = Release|Any CPU
		{1572DD95-0AFF-4BDE-A1D1-2B2DB3AAA71D}.Release|Any CPU.Build.0 = Release|Any CPU
		{1572DD95-0AFF-4BDE-A1D1-2B2DB3AAA71D}.Release|x64.ActiveCfg = Release|Any CPU
		{1572DD95-0AFF-4BDE-A1D1-2B2DB3AAA71D}.Release|x64.Build.0 = Release|Any CPU
		{1572DD95-0AFF-4BDE-A1D1-2B2DB3AAA71D}.Release|x86.ActiveCfg = Release|Any CPU
		{1572DD95-0AFF-4BDE-A1D1-2B2DB3AAA71D}.Release|x86.Build.0 = Release|Any CPU
	EndGlobalSection
	GlobalSection(NestedProjects) = preSolution
		{9C25516D-DE10-4BC8-9E7F-8A140D40D46C} = {761DAF97-72D0-4336-B4D1-794ADC389D4E}
		{E325763C-AEA2-4605-A58D-FCB1167B893C} = {CBDE6E48-4AEB-421A-9809-9B4A657F11F6}
		{A34BEAF7-CE4F-4357-BDCE-A23A0AC32E67} = {CBDE6E48-4AEB-421A-9809-9B4A657F11F6}
		{1572DD95-0AFF-4BDE-A1D1-2B2DB3AAA71D} = {CBDE6E48-4AEB-421A-9809-9B4A657F11F6}
	EndGlobalSection
EndGlobal
